{
  "name": "nano-rspow-web",
  "version": "0.17.1",
  "lockfileVersion": 3,
  "requires": true,
  "packages": {
    "": {
      "name": "nano-rspow-web",
      "version": "0.17.1",
      "dependencies": {
        "@openrai/nano-pow-contract": "^0.1.0"
      }
    },
    "node_modules/@openrai/nano-pow-contract": {
      "version": "0.1.0",
      "resolved": "https://registry.npmjs.org/@openrai/nano-pow-contract/-/nano-pow-contract-0.1.0.tgz",
      "integrity": "sha512-h9MuocDcUjr64b06fFzja1YsR8+OGRYp4yssHq/EoFBYxDE4xcWLxdDiuONSEfjGZnLcVIgRC9bQjQGiiCFrTA==",
      "license": "MIT"
    }
  }
}
